
Microsoft Visual Studio Solution File, Format Version 12.00
# Visual Studio 14
VisualStudioVersion = 14.0.25123.0
MinimumVisualStudioVersion = 10.0.40219.1
Project("{B19FC30C-BF46-457E-B8B9-4B06B363C7F2}") = "Sitecore.Support.342776", "Sitecore.Support.342776\Sitecore.Support.342776.csproj", "{156C547F-D193-41EA-966B-54CAE8F7ED6C}"
EndProject
Global
	GlobalSection(SolutionConfigurationPlatforms) = preSolution
		Debug|Any CPU = Debug|Any CPU
		Release|Any CPU = Release|Any CPU
	EndGlobalSection
	GlobalSection(ProjectConfigurationPlatforms) = postSolution
		{156C547F-D193-41EA-966B-54CAE8F7ED6C}.Debug|Any CPU.ActiveCfg = Debug|Any CPU
		{156C547F-D193-41EA-966B-54CAE8F7ED6C}.Debug|Any CPU.Build.0 = Debug|Any CPU
		{156C547F-D193-41EA-966B-54CAE8F7ED6C}.Release|Any CPU.ActiveCfg = Release|Any CPU
		{156C547F-D193-41EA-966B-54CAE8F7ED6C}.Release|Any CPU.Build.0 = Release|Any CPU
	EndGlobalSection
	GlobalSection(SolutionProperties) = preSolution
		HideSolutionNode = FALSE
	EndGlobalSection
EndGlobal
